
Microsoft Visual Studio Solution File, Format Version 12.00
# Visual Studio Version 17
VisualStudioVersion = 17.0.31912.275
MinimumVisualStudioVersion = 10.0.40219.1
Project("{FAE04EC0-301F-11D3-BF4B-00C04F79EFBC}") = "Proyecto", "Pantallas_Sistema_facturacion\Proyecto.csproj", "{1550A553-84A1-415A-8EE0-4BC268A75328}"
EndProject
Project("{54435603-DBB4-11D2-8724-00A0C9A8B90C}") = "Setup1", "Setup1\Setup1.vdproj", "{8DE95B10-B317-4A3F-8E03-A13D455BC387}"
EndProject
Global
	GlobalSection(SolutionConfigurationPlatforms) = preSolution
		Debug|Any CPU = Debug|Any CPU
		Release|Any CPU = Release|Any CPU
	EndGlobalSection
	GlobalSection(ProjectConfigurationPlatforms) = postSolution
		{1550A553-84A1-415A-8EE0-4BC268A75328}.Debug|Any CPU.ActiveCfg = Release|Any CPU
		{1550A553-84A1-415A-8EE0-4BC268A75328}.Debug|Any CPU.Build.0 = Release|Any CPU
		{1550A553-84A1-415A-8EE0-4BC268A75328}.Release|Any CPU.ActiveCfg = Release|Any CPU
		{1550A553-84A1-415A-8EE0-4BC268A75328}.Release|Any CPU.Build.0 = Release|Any CPU
		{8DE95B10-B317-4A3F-8E03-A13D455BC387}.Debug|Any CPU.ActiveCfg = Debug
		{8DE95B10-B317-4A3F-8E03-A13D455BC387}.Release|Any CPU.ActiveCfg = Release
	EndGlobalSection
	GlobalSection(SolutionProperties) = preSolution
		HideSolutionNode = FALSE
	EndGlobalSection
	GlobalSection(ExtensibilityGlobals) = postSolution
		SolutionGuid = {B4B1BB50-5C53-41C6-BEC8-D782E0EE5763}
	EndGlobalSection
EndGlobal
